
Microsoft Visual Studio Solution File, Format Version 12.00
# Visual Studio Version 17
VisualStudioVersion = 17.8.34511.84
MinimumVisualStudioVersion = 10.0.40219.1
Project("{FAE04EC0-301F-11D3-BF4B-00C04F79EFBC}") = "EsercizioUno", "EsercizioUno.csproj", "{D4DEF0DB-4107-475C-976A-C364255BB053}"
EndProject
Project("{FAE04EC0-301F-11D3-BF4B-00C04F79EFBC}") = "esercizioAppConsole", "..\esercizioAppConsole\esercizioAppConsole.csproj", "{1C60A555-CD62-48C4-8F92-71F8F5737639}"
EndProject
Global
	GlobalSection(SolutionConfigurationPlatforms) = preSolution
		Debug|Any CPU = Debug|Any CPU
		Release|Any CPU = Release|Any CPU
	EndGlobalSection
	GlobalSection(ProjectConfigurationPlatforms) = postSolution
		{D4DEF0DB-4107-475C-976A-C364255BB053}.Debug|Any CPU.ActiveCfg = Debug|Any CPU
		{D4DEF0DB-4107-475C-976A-C364255BB053}.Debug|Any CPU.Build.0 = Debug|Any CPU
		{D4DEF0DB-4107-475C-976A-C364255BB053}.Release|Any CPU.ActiveCfg = Release|Any CPU
		{D4DEF0DB-4107-475C-976A-C364255BB053}.Release|Any CPU.Build.0 = Release|Any CPU
		{1C60A555-CD62-48C4-8F92-71F8F5737639}.Debug|Any CPU.ActiveCfg = Debug|Any CPU
		{1C60A555-CD62-48C4-8F92-71F8F5737639}.Debug|Any CPU.Build.0 = Debug|Any CPU
		{1C60A555-CD62-48C4-8F92-71F8F5737639}.Release|Any CPU.ActiveCfg = Release|Any CPU
		{1C60A555-CD62-48C4-8F92-71F8F5737639}.Release|Any CPU.Build.0 = Release|Any CPU
	EndGlobalSection
	GlobalSection(SolutionProperties) = preSolution
		HideSolutionNode = FALSE
	EndGlobalSection
	GlobalSection(ExtensibilityGlobals) = postSolution
		SolutionGuid = {69D056E0-29A6-41F9-A97E-981EA31C391D}
	EndGlobalSection
EndGlobal
